
Microsoft Visual Studio Solution File, Format Version 12.00
# Visual Studio Version 16
VisualStudioVersion = 16.0.30611.23
MinimumVisualStudioVersion = 10.0.40219.1
Project("{FAE04EC0-301F-11D3-BF4B-00C04F79EFBC}") = "20202c-Ejemplo-GoogleMaps", "20202c-Ejemplo-GoogleMaps\20202c-Ejemplo-GoogleMaps.csproj", "{9C10E336-C77C-4172-B48B-6F9BFE7D9326}"
EndProject
Global
	GlobalSection(SolutionConfigurationPlatforms) = preSolution
		Debug|Any CPU = Debug|Any CPU
		Release|Any CPU = Release|Any CPU
	EndGlobalSection
	GlobalSection(ProjectConfigurationPlatforms) = postSolution
		{9C10E336-C77C-4172-B48B-6F9BFE7D9326}.Debug|Any CPU.ActiveCfg = Debug|Any CPU
		{9C10E336-C77C-4172-B48B-6F9BFE7D9326}.Debug|Any CPU.Build.0 = Debug|Any CPU
		{9C10E336-C77C-4172-B48B-6F9BFE7D9326}.Release|Any CPU.ActiveCfg = Release|Any CPU
		{9C10E336-C77C-4172-B48B-6F9BFE7D9326}.Release|Any CPU.Build.0 = Release|Any CPU
	EndGlobalSection
	GlobalSection(SolutionProperties) = preSolution
		HideSolutionNode = FALSE
	EndGlobalSection
	GlobalSection(ExtensibilityGlobals) = postSolution
		SolutionGuid = {DC0F3FB7-B57B-41E9-9C73-A7FD70F3C96C}
	EndGlobalSection
EndGlobal
